
Microsoft Visual Studio Solution File, Format Version 10.00
# Visual Studio 2008
Project("{8BC9CEB8-8B4A-11D0-8D11-00A0C91BC942}") = "frontend", "frontend\frontend.vcproj", "{DE6A2D5D-8AFA-4471-A9A2-C8E671CCC301}"
EndProject
Global
	GlobalSection(SolutionConfigurationPlatforms) = preSolution
		Debug|Win32 = Debug|Win32
		Release|Win32 = Release|Win32
	EndGlobalSection
	GlobalSection(ProjectConfigurationPlatforms) = postSolution
		{DE6A2D5D-8AFA-4471-A9A2-C8E671CCC301}.Debug|Win32.ActiveCfg = Debug|Win32
		{DE6A2D5D-8AFA-4471-A9A2-C8E671CCC301}.Debug|Win32.Build.0 = Debug|Win32
		{DE6A2D5D-8AFA-4471-A9A2-C8E671CCC301}.Release|Win32.ActiveCfg = Release|Win32
		{DE6A2D5D-8AFA-4471-A9A2-C8E671CCC301}.Release|Win32.Build.0 = Release|Win32
	EndGlobalSection
	GlobalSection(SolutionProperties) = preSolution
		HideSolutionNode = FALSE
	EndGlobalSection
EndGlobal
